SITE
  remote: http://community.opscode.com/api/v1
  specs:
    apt (1.8.4)
    build-essential (1.4.0)
    chef_handler (1.1.4)
    dmg (1.1.0)
    openssl (1.0.2)
    phantomjs (0.1.0)
    runit (1.1.6)
      build-essential (>= 0.0.0)
      yum (>= 0.0.0)
    windows (1.10.0)
      chef_handler (>= 0.0.0)
    xml (1.1.2)
      build-essential (>= 0.0.0)
    yum (2.3.0)

GIT
  remote: https://github.com/chrisblackburn/chef-cookbooks.git
  path: npm
  ref: master
  sha: 7a2987c73a721c88440e6603842c6b08aea81ba0
  specs:
    npm (0.1.0)
      nodejs (>= 0.0.0)

GIT
  remote: https://github.com/chrisblackburn/chef-cookbooks.git
  path: php
  ref: master
  sha: 7a2987c73a721c88440e6603842c6b08aea81ba0
  specs:
    php (1.0.2)
      build-essential (>= 0.0.0)
      mysql (>= 0.0.0)
      xml (>= 0.0.0)

GIT
  remote: https://github.com/chrisblackburn/chef-cookbooks.git
  path: phpmyadmin
  ref: master
  sha: 7a2987c73a721c88440e6603842c6b08aea81ba0
  specs:
    phpmyadmin (0.1.0)

GIT
  remote: https://github.com/chrisblackburn/chef-cookbooks.git
  path: phpunit
  ref: master
  sha: 7a2987c73a721c88440e6603842c6b08aea81ba0
  specs:
    phpunit (0.9.1)
      php (>= 0.0.0)

GIT
  remote: https://github.com/chrisblackburn/chef-jscoverage.git
  ref: master
  sha: 993f563859e020aa133691dcd6536c50e0ac5222
  specs:
    jscoverage (0.0.1)

GIT
  remote: https://github.com/chrisblackburn/chef-jslint4java.git
  ref: master
  sha: c8449a9f2571d0cbafc6a5df24403aee24d22808
  specs:
    jslint4java (0.0.1)
      unzip (>= 0.0.0)

GIT
  remote: https://github.com/fnichol/chef-rbenv.git
  ref: 3b1c59abc1134a50b0b8844954eca9a566aaffb8
  sha: 3b1c59abc1134a50b0b8844954eca9a566aaffb8
  specs:
    rbenv (0.7.3)

GIT
  remote: https://github.com/fnichol/chef-ruby_build.git
  ref: master
  sha: 4d3361995a6953076951693eff1b326ab499fe1e
  specs:
    ruby_build (0.8.1)

GIT
  remote: https://github.com/hectcastro/chef-nodejs.git
  ref: master
  sha: 575452c831fa766d4ae860d48615a1439d042656
  specs:
    nodejs (0.1.0)
      build-essential (>= 0.0.0)

GIT
  remote: https://github.com/opscode-cookbooks/apache2.git
  ref: master
  sha: d163d2584ebcc8dbe784c5c9be087c69d618d063
  specs:
    apache2 (1.6.7)

GIT
  remote: https://github.com/opscode-cookbooks/git.git
  ref: master
  sha: 4d6e938b25bbd35869f9841098b663f6d38ea540
  specs:
    git (2.5.3)
      build-essential (>= 0.0.0)
      dmg (>= 0.0.0)
      runit (>= 1.0)
      windows (>= 0.0.0)
      yum (>= 0.0.0)

GIT
  remote: https://github.com/opscode-cookbooks/imagemagick.git
  ref: master
  sha: 20aec29c45ee3c04616bb3fa3cd5ddf4baf48f00
  specs:
    imagemagick (0.2.2)

GIT
  remote: https://github.com/opscode-cookbooks/java.git
  ref: master
  sha: dbe84c57390e5ebac11221ef26147fd8e87d09e0
  specs:
    java (1.12.1)
      windows (>= 0.0.0)

GIT
  remote: https://github.com/opscode-cookbooks/memcached.git
  ref: master
  sha: 08f1821445609dc589048820ee2664f57b4f9051
  specs:
    memcached (1.4.1)
      runit (~> 1.0)
      yum (>= 0.0.0)

GIT
  remote: https://github.com/opscode-cookbooks/mysql.git
  ref: master
  sha: eef7e65806e7ff3bdbe148e27c447ef4a8bc3881
  specs:
    mysql (3.0.3)
      build-essential (> 1.1.0)
      openssl (>= 0.0.0)

GIT
  remote: https://github.com/opscode-cookbooks/python.git
  ref: master
  sha: 345c56acefdd8670938cd7d29a19fc5394aad9fc
  specs:
    python (1.3.7)
      build-essential (>= 0.0.0)
      yum (>= 0.0.0)

GIT
  remote: https://github.com/opscode-cookbooks/subversion.git
  ref: master
  sha: 5076bed21dc69bdde2b7cb528ab9ad05bf6fdf4f
  specs:
    subversion (1.0.3)
      apache2 (>= 0.0.0)
      windows (>= 0.0.0)

GIT
  remote: https://github.com/wharton/chef-unzip.git
  ref: master
  sha: ee280fcfe14219dd4c886d8ca770067524ba4adb
  specs:
    unzip (0.0.1)

DEPENDENCIES
  apache2 (>= 0)
  apt (= 1.8.4)
  git (>= 0)
  imagemagick (>= 0)
  java (>= 0)
  jscoverage (>= 0)
  jslint4java (>= 0)
  memcached (>= 0)
  mysql (>= 0)
  nodejs (>= 0)
  npm (>= 0)
  phantomjs (= 0.1.0)
  php (>= 0)
  phpmyadmin (>= 0)
  phpunit (>= 0)
  python (>= 0)
  rbenv (>= 0)
  ruby_build (>= 0)
  subversion (>= 0)
  unzip (>= 0)

