SITE
  remote: http://community.opscode.com/api/v1
  specs:
    apt (1.8.4)
    build-essential (1.3.2)
    chef_handler (1.1.4)
    dmg (1.1.0)
    openssl (1.0.0)
    postgresql (2.2.0)
      openssl (>= 0.0.0)
    runit (0.16.2)
    sphinx (0.4.0)
      build-essential (>= 0)
      mysql (>= 0)
      postgresql (>= 0)
    windows (1.8.2)
      chef_handler (>= 0.0.0)
    xml (1.1.2)
      build-essential (>= 0.0.0)
    yum (2.1.0)

GIT
  remote: https://github.com/chrisblackburn/chef-cookbooks.git
  path: npm
  ref: master
  sha: 7a2987c73a721c88440e6603842c6b08aea81ba0
  specs:
    npm (0.1.0)
      nodejs (>= 0.0.0)

GIT
  remote: https://github.com/chrisblackburn/chef-cookbooks.git
  path: php
  ref: master
  sha: 7a2987c73a721c88440e6603842c6b08aea81ba0
  specs:
    php (1.0.2)
      build-essential (>= 0.0.0)
      mysql (>= 0.0.0)
      xml (>= 0.0.0)

GIT
  remote: https://github.com/chrisblackburn/chef-cookbooks.git
  path: phpmyadmin
  ref: master
  sha: 7a2987c73a721c88440e6603842c6b08aea81ba0
  specs:
    phpmyadmin (0.1.0)

GIT
  remote: https://github.com/chrisblackburn/chef-jscoverage.git
  ref: master
  sha: 993f563859e020aa133691dcd6536c50e0ac5222
  specs:
    jscoverage (0.0.1)

GIT
  remote: https://github.com/chrisblackburn/chef-jslint4java.git
  ref: master
  sha: c8449a9f2571d0cbafc6a5df24403aee24d22808
  specs:
    jslint4java (0.0.1)
      unzip (>= 0.0.0)

GIT
  remote: https://github.com/customink-webops/phantomjs.git
  ref: master
  sha: b8c40cb48770941f7b09ef11eab0a329db0c7162
  specs:
    phantomjs (0.0.8)

GIT
  remote: https://github.com/fnichol/chef-rbenv.git
  ref: master
  sha: 3b1c59abc1134a50b0b8844954eca9a566aaffb8
  specs:
    rbenv (0.7.3)

GIT
  remote: https://github.com/fnichol/chef-ruby_build.git
  ref: master
  sha: c940b5e9cd40eaba10d6285de6648f4d25fe959d
  specs:
    ruby_build (0.7.2)

GIT
  remote: https://github.com/mdxp/nodejs-cookbook.git
  ref: master
  sha: 54e0d661f2d18979c915960d294756440e3cdd38
  specs:
    nodejs (1.0.3)
      apt (>= 0.0.0)
      build-essential (>= 0.0.0)

GIT
  remote: https://github.com/opscode-cookbooks/apache2.git
  ref: master
  sha: 179f765a0b4ec6c677d9cdc65900ba9adbec88ee
  specs:
    apache2 (1.4.2)

GIT
  remote: https://github.com/opscode-cookbooks/git.git
  ref: master
  sha: 56f905c310868d4233e6ef90098a680150e2d5a9
  specs:
    git (2.1.4)
      build-essential (>= 0.0.0)
      dmg (>= 0.0.0)
      runit (<= 0.16.2)
      windows (>= 0.0.0)
      yum (>= 0.0.0)

GIT
  remote: https://github.com/opscode-cookbooks/imagemagick.git
  ref: master
  sha: 20aec29c45ee3c04616bb3fa3cd5ddf4baf48f00
  specs:
    imagemagick (0.2.2)

GIT
  remote: https://github.com/opscode-cookbooks/java.git
  ref: master
  sha: 03d5645cf39e439ff0e547b4a09851e113cdde33
  specs:
    java (1.9.0)
      windows (>= 0.0.0)

GIT
  remote: https://github.com/opscode-cookbooks/memcached.git
  ref: master
  sha: d20ebe2d3c26159482eaaec39e8b97ce23348b90
  specs:
    memcached (1.2.0)
      runit (<= 0.16.2)
      yum (>= 0.0.0)

GIT
  remote: https://github.com/opscode-cookbooks/mysql.git
  ref: master
  sha: a7128dee82afd533b5a2159d648816c8aabded09
  specs:
    mysql (2.1.0)
      build-essential (>= 0.0.0)
      openssl (>= 0.0.0)

GIT
  remote: https://github.com/opscode-cookbooks/python.git
  ref: master
  sha: 34cb929504f9972d9d0ce66cad70254d3ab36f21
  specs:
    python (1.2.0)
      build-essential (>= 0.0.0)
      yum (>= 0.0.0)

GIT
  remote: https://github.com/opscode-cookbooks/subversion.git
  ref: master
  sha: cad4c069deca1fbbfb6b8f4d21b6c341cc9c6b55
  specs:
    subversion (1.0.3)
      apache2 (>= 0.0.0)
      windows (>= 0.0.0)

GIT
  remote: https://github.com/wharton/chef-unzip.git
  ref: master
  sha: ee280fcfe14219dd4c886d8ca770067524ba4adb
  specs:
    unzip (0.0.1)

DEPENDENCIES
  apache2 (>= 0)
  apt (>= 0)
  git (>= 0)
  imagemagick (>= 0)
  java (>= 0)
  jscoverage (>= 0)
  jslint4java (>= 0)
  memcached (>= 0)
  mysql (>= 0)
  nodejs (>= 0)
  npm (>= 0)
  phantomjs (>= 0)
  php (>= 0)
  phpmyadmin (>= 0)
  python (>= 0)
  rbenv (>= 0)
  ruby_build (>= 0)
  sphinx (>= 0)
  subversion (>= 0)
  unzip (>= 0)

